
Microsoft Visual Studio Solution File, Format Version 12.00
# Visual Studio Version 17
VisualStudioVersion = 17.6.33801.468
MinimumVisualStudioVersion = 10.0.40219.1
Project("{FAE04EC0-301F-11D3-BF4B-00C04F79EFBC}") = "API", "API\API.csproj", "{EB3BBC74-9E89-4DA7-9864-6F34EBE20AF5}"
EndProject
Project("{FAE04EC0-301F-11D3-BF4B-00C04F79EFBC}") = "DAL", "DAL\DAL.csproj", "{06343B1C-4555-41E7-8DD8-54705379A3E6}"
EndProject
Project("{FAE04EC0-301F-11D3-BF4B-00C04F79EFBC}") = "BLL", "BLL\BLL.csproj", "{BDBE814C-24D6-44CD-B3D9-10B43AB023D3}"
EndProject
Global
	GlobalSection(SolutionConfigurationPlatforms) = preSolution
		Debug|Any CPU = Debug|Any CPU
		Release|Any CPU = Release|Any CPU
	EndGlobalSection
	GlobalSection(ProjectConfigurationPlatforms) = postSolution
		{EB3BBC74-9E89-4DA7-9864-6F34EBE20AF5}.Debug|Any CPU.ActiveCfg = Debug|Any CPU
		{EB3BBC74-9E89-4DA7-9864-6F34EBE20AF5}.Debug|Any CPU.Build.0 = Debug|Any CPU
		{EB3BBC74-9E89-4DA7-9864-6F34EBE20AF5}.Release|Any CPU.ActiveCfg = Release|Any CPU
		{EB3BBC74-9E89-4DA7-9864-6F34EBE20AF5}.Release|Any CPU.Build.0 = Release|Any CPU
		{06343B1C-4555-41E7-8DD8-54705379A3E6}.Debug|Any CPU.ActiveCfg = Debug|Any CPU
		{06343B1C-4555-41E7-8DD8-54705379A3E6}.Debug|Any CPU.Build.0 = Debug|Any CPU
		{06343B1C-4555-41E7-8DD8-54705379A3E6}.Release|Any CPU.ActiveCfg = Release|Any CPU
		{06343B1C-4555-41E7-8DD8-54705379A3E6}.Release|Any CPU.Build.0 = Release|Any CPU
		{BDBE814C-24D6-44CD-B3D9-10B43AB023D3}.Debug|Any CPU.ActiveCfg = Debug|Any CPU
		{BDBE814C-24D6-44CD-B3D9-10B43AB023D3}.Debug|Any CPU.Build.0 = Debug|Any CPU
		{BDBE814C-24D6-44CD-B3D9-10B43AB023D3}.Release|Any CPU.ActiveCfg = Release|Any CPU
		{BDBE814C-24D6-44CD-B3D9-10B43AB023D3}.Release|Any CPU.Build.0 = Release|Any CPU
	EndGlobalSection
	GlobalSection(SolutionProperties) = preSolution
		HideSolutionNode = FALSE
	EndGlobalSection
	GlobalSection(ExtensibilityGlobals) = postSolution
		SolutionGuid = {A8530838-5C83-4378-B2A6-7237E45F83F3}
	EndGlobalSection
EndGlobal
